
Microsoft Visual Studio Solution File, Format Version 12.00
# Visual Studio Version 17
VisualStudioVersion = 17.4.33205.214
MinimumVisualStudioVersion = 10.0.40219.1
Project("{2150E333-8FDC-42A3-9474-1A3956D46DE8}") = "3_Server", "3_Server", "{48FA8E0B-B25D-48B7-B6ED-397588C24653}"
EndProject
Project("{2150E333-8FDC-42A3-9474-1A3956D46DE8}") = "2_Client", "2_Client", "{05C92174-32CC-4DC7-839B-22FC7E5C9FB2}"
EndProject
Project("{2150E333-8FDC-42A3-9474-1A3956D46DE8}") = "1_Common", "1_Common", "{A5DDF319-0EAD-4B1A-AE56-9F6952C651EF}"
	ProjectSection(SolutionItems) = preProject
		..\..\8_Spy_Web\2_Trunc\TUF.Host\TextFile1.txt = ..\..\8_Spy_Web\2_Trunc\TUF.Host\TextFile1.txt
	EndProjectSection
EndProject
Project("{2150E333-8FDC-42A3-9474-1A3956D46DE8}") = "4_Shared", "4_Shared", "{5856DA24-8C74-495B-90D7-EE638E4B152D}"
EndProject
Project("{2150E333-8FDC-42A3-9474-1A3956D46DE8}") = "5_Domain", "5_Domain", "{EB29392E-180A-49FC-A63D-1C74902E4EAA}"
EndProject
Project("{9A19103F-16F7-4668-BE54-9A1E7A4F7556}") = "TUF.Client.Server", "TUF.Client\Server\TUF.Client.Server.csproj", "{946FDA90-8ED2-4823-9158-A44B866FC588}"
EndProject
Project("{9A19103F-16F7-4668-BE54-9A1E7A4F7556}") = "TUF.Client.Client", "TUF.Client\Client\TUF.Client.Client.csproj", "{61CE3B16-D0E9-4A68-80C7-0616044CE875}"
EndProject
Project("{9A19103F-16F7-4668-BE54-9A1E7A4F7556}") = "TUF.Client.Shared", "TUF.Client\Shared\TUF.Client.Shared.csproj", "{C157522D-5D89-4D5C-A51E-472F25F8F1FA}"
EndProject
Project("{9A19103F-16F7-4668-BE54-9A1E7A4F7556}") = "TUF.Api", "TUF.Api\TUF.Api.csproj", "{3AFBA83E-B85B-4C3D-BF07-37049AC7E994}"
EndProject
Project("{9A19103F-16F7-4668-BE54-9A1E7A4F7556}") = "TUF.Api.Infra", "TUF.Api.Infra\TUF.Api.Infra.csproj", "{752CD4C0-2D49-4345-B8A2-06AC0AFCA66B}"
EndProject
Project("{9A19103F-16F7-4668-BE54-9A1E7A4F7556}") = "Daniel.Common", "Common\TUF.Common\Daniel.Common.csproj", "{307AAD41-2469-4358-AE0C-CFCF2FC80471}"
EndProject
Project("{9A19103F-16F7-4668-BE54-9A1E7A4F7556}") = "TUF.Database", "Common\TUF.Database\TUF.Database.csproj", "{189D5C0B-5B0A-477E-A044-494993F76085}"
EndProject
Project("{9A19103F-16F7-4668-BE54-9A1E7A4F7556}") = "TUF.Nugets", "Common\TUF.Nugets\TUF.Nugets.csproj", "{C691D589-FBD7-4B50-84DC-806F4E5D81B1}"
EndProject
Project("{9A19103F-16F7-4668-BE54-9A1E7A4F7556}") = "TUF.Application", "TUF.Application\TUF.Application.csproj", "{7F081C0E-A5B6-43E6-9C61-D6AE0150C73A}"
EndProject
Project("{9A19103F-16F7-4668-BE54-9A1E7A4F7556}") = "TUF.Domain", "TUF.Domain\TUF.Domain.csproj", "{2D6BED89-9630-484B-8A85-5DEDC0C7136C}"
EndProject
Project("{9A19103F-16F7-4668-BE54-9A1E7A4F7556}") = "TUF.Client.Infra", "TUF.Client.Infra\TUF.Client.Infra.csproj", "{7B6232C3-41E2-40EA-BFDD-B11E160A592E}"
EndProject
Global
	GlobalSection(SolutionConfigurationPlatforms) = preSolution
		Debug|Any CPU = Debug|Any CPU
		Release|Any CPU = Release|Any CPU
	EndGlobalSection
	GlobalSection(ProjectConfigurationPlatforms) = postSolution
		{946FDA90-8ED2-4823-9158-A44B866FC588}.Debug|Any CPU.ActiveCfg = Debug|Any CPU
		{946FDA90-8ED2-4823-9158-A44B866FC588}.Debug|Any CPU.Build.0 = Debug|Any CPU
		{946FDA90-8ED2-4823-9158-A44B866FC588}.Release|Any CPU.ActiveCfg = Release|Any CPU
		{946FDA90-8ED2-4823-9158-A44B866FC588}.Release|Any CPU.Build.0 = Release|Any CPU
		{61CE3B16-D0E9-4A68-80C7-0616044CE875}.Debug|Any CPU.ActiveCfg = Debug|Any CPU
		{61CE3B16-D0E9-4A68-80C7-0616044CE875}.Debug|Any CPU.Build.0 = Debug|Any CPU
		{61CE3B16-D0E9-4A68-80C7-0616044CE875}.Release|Any CPU.ActiveCfg = Release|Any CPU
		{61CE3B16-D0E9-4A68-80C7-0616044CE875}.Release|Any CPU.Build.0 = Release|Any CPU
		{C157522D-5D89-4D5C-A51E-472F25F8F1FA}.Debug|Any CPU.ActiveCfg = Debug|Any CPU
		{C157522D-5D89-4D5C-A51E-472F25F8F1FA}.Debug|Any CPU.Build.0 = Debug|Any CPU
		{C157522D-5D89-4D5C-A51E-472F25F8F1FA}.Release|Any CPU.ActiveCfg = Release|Any CPU
		{C157522D-5D89-4D5C-A51E-472F25F8F1FA}.Release|Any CPU.Build.0 = Release|Any CPU
		{3AFBA83E-B85B-4C3D-BF07-37049AC7E994}.Debug|Any CPU.ActiveCfg = Debug|Any CPU
		{3AFBA83E-B85B-4C3D-BF07-37049AC7E994}.Debug|Any CPU.Build.0 = Debug|Any CPU
		{3AFBA83E-B85B-4C3D-BF07-37049AC7E994}.Release|Any CPU.ActiveCfg = Release|Any CPU
		{3AFBA83E-B85B-4C3D-BF07-37049AC7E994}.Release|Any CPU.Build.0 = Release|Any CPU
		{752CD4C0-2D49-4345-B8A2-06AC0AFCA66B}.Debug|Any CPU.ActiveCfg = Debug|Any CPU
		{752CD4C0-2D49-4345-B8A2-06AC0AFCA66B}.Debug|Any CPU.Build.0 = Debug|Any CPU
		{752CD4C0-2D49-4345-B8A2-06AC0AFCA66B}.Release|Any CPU.ActiveCfg = Release|Any CPU
		{752CD4C0-2D49-4345-B8A2-06AC0AFCA66B}.Release|Any CPU.Build.0 = Release|Any CPU
		{307AAD41-2469-4358-AE0C-CFCF2FC80471}.Debug|Any CPU.ActiveCfg = Debug|Any CPU
		{307AAD41-2469-4358-AE0C-CFCF2FC80471}.Debug|Any CPU.Build.0 = Debug|Any CPU
		{307AAD41-2469-4358-AE0C-CFCF2FC80471}.Release|Any CPU.ActiveCfg = Release|Any CPU
		{307AAD41-2469-4358-AE0C-CFCF2FC80471}.Release|Any CPU.Build.0 = Release|Any CPU
		{189D5C0B-5B0A-477E-A044-494993F76085}.Debug|Any CPU.ActiveCfg = Debug|Any CPU
		{189D5C0B-5B0A-477E-A044-494993F76085}.Debug|Any CPU.Build.0 = Debug|Any CPU
		{189D5C0B-5B0A-477E-A044-494993F76085}.Release|Any CPU.ActiveCfg = Release|Any CPU
		{189D5C0B-5B0A-477E-A044-494993F76085}.Release|Any CPU.Build.0 = Release|Any CPU
		{C691D589-FBD7-4B50-84DC-806F4E5D81B1}.Debug|Any CPU.ActiveCfg = Debug|Any CPU
		{C691D589-FBD7-4B50-84DC-806F4E5D81B1}.Debug|Any CPU.Build.0 = Debug|Any CPU
		{C691D589-FBD7-4B50-84DC-806F4E5D81B1}.Release|Any CPU.ActiveCfg = Release|Any CPU
		{C691D589-FBD7-4B50-84DC-806F4E5D81B1}.Release|Any CPU.Build.0 = Release|Any CPU
		{7F081C0E-A5B6-43E6-9C61-D6AE0150C73A}.Debug|Any CPU.ActiveCfg = Debug|Any CPU
		{7F081C0E-A5B6-43E6-9C61-D6AE0150C73A}.Debug|Any CPU.Build.0 = Debug|Any CPU
		{7F081C0E-A5B6-43E6-9C61-D6AE0150C73A}.Release|Any CPU.ActiveCfg = Release|Any CPU
		{7F081C0E-A5B6-43E6-9C61-D6AE0150C73A}.Release|Any CPU.Build.0 = Release|Any CPU
		{2D6BED89-9630-484B-8A85-5DEDC0C7136C}.Debug|Any CPU.ActiveCfg = Debug|Any CPU
		{2D6BED89-9630-484B-8A85-5DEDC0C7136C}.Debug|Any CPU.Build.0 = Debug|Any CPU
		{2D6BED89-9630-484B-8A85-5DEDC0C7136C}.Release|Any CPU.ActiveCfg = Release|Any CPU
		{2D6BED89-9630-484B-8A85-5DEDC0C7136C}.Release|Any CPU.Build.0 = Release|Any CPU
		{7B6232C3-41E2-40EA-BFDD-B11E160A592E}.Debug|Any CPU.ActiveCfg = Debug|Any CPU
		{7B6232C3-41E2-40EA-BFDD-B11E160A592E}.Debug|Any CPU.Build.0 = Debug|Any CPU
		{7B6232C3-41E2-40EA-BFDD-B11E160A592E}.Release|Any CPU.ActiveCfg = Release|Any CPU
		{7B6232C3-41E2-40EA-BFDD-B11E160A592E}.Release|Any CPU.Build.0 = Release|Any CPU
	EndGlobalSection
	GlobalSection(SolutionProperties) = preSolution
		HideSolutionNode = FALSE
	EndGlobalSection
	GlobalSection(NestedProjects) = preSolution
		{946FDA90-8ED2-4823-9158-A44B866FC588} = {05C92174-32CC-4DC7-839B-22FC7E5C9FB2}
		{61CE3B16-D0E9-4A68-80C7-0616044CE875} = {05C92174-32CC-4DC7-839B-22FC7E5C9FB2}
		{C157522D-5D89-4D5C-A51E-472F25F8F1FA} = {5856DA24-8C74-495B-90D7-EE638E4B152D}
		{3AFBA83E-B85B-4C3D-BF07-37049AC7E994} = {48FA8E0B-B25D-48B7-B6ED-397588C24653}
		{752CD4C0-2D49-4345-B8A2-06AC0AFCA66B} = {48FA8E0B-B25D-48B7-B6ED-397588C24653}
		{307AAD41-2469-4358-AE0C-CFCF2FC80471} = {A5DDF319-0EAD-4B1A-AE56-9F6952C651EF}
		{189D5C0B-5B0A-477E-A044-494993F76085} = {A5DDF319-0EAD-4B1A-AE56-9F6952C651EF}
		{C691D589-FBD7-4B50-84DC-806F4E5D81B1} = {A5DDF319-0EAD-4B1A-AE56-9F6952C651EF}
		{7F081C0E-A5B6-43E6-9C61-D6AE0150C73A} = {EB29392E-180A-49FC-A63D-1C74902E4EAA}
		{2D6BED89-9630-484B-8A85-5DEDC0C7136C} = {EB29392E-180A-49FC-A63D-1C74902E4EAA}
		{7B6232C3-41E2-40EA-BFDD-B11E160A592E} = {05C92174-32CC-4DC7-839B-22FC7E5C9FB2}
	EndGlobalSection
	GlobalSection(ExtensibilityGlobals) = postSolution
		SolutionGuid = {50276F1D-C101-46F5-85F7-07FC62CB2975}
	EndGlobalSection
EndGlobal
